
Microsoft Visual Studio Solution File, Format Version 12.00
# Visual Studio 14
VisualStudioVersion = 14.0.25420.1
MinimumVisualStudioVersion = 10.0.40219.1
Project("{FAE04EC0-301F-11D3-BF4B-00C04F79EFBC}") = "BehanceRobot", "BehanceRobot\BehanceRobot.csproj", "{14DDE507-44F3-4733-A0DE-7AD6D517668A}"
EndProject
Project("{FAE04EC0-301F-11D3-BF4B-00C04F79EFBC}") = "RobotLib", "RobotLib\RobotLib.csproj", "{63EF6B62-3959-45AB-BC81-BD52AD0493E1}"
EndProject
Project("{FAE04EC0-301F-11D3-BF4B-00C04F79EFBC}") = "WebDriverWrapper", "RobotWrapper\WebDriverWrapper.csproj", "{17B3216B-A6BB-4456-B429-1B3710645C30}"
EndProject
Global
	GlobalSection(SolutionConfigurationPlatforms) = preSolution
		Debug|Any CPU = Debug|Any CPU
		Release|Any CPU = Release|Any CPU
	EndGlobalSection
	GlobalSection(ProjectConfigurationPlatforms) = postSolution
		{14DDE507-44F3-4733-A0DE-7AD6D517668A}.Debug|Any CPU.ActiveCfg = Debug|Any CPU
		{14DDE507-44F3-4733-A0DE-7AD6D517668A}.Debug|Any CPU.Build.0 = Debug|Any CPU
		{14DDE507-44F3-4733-A0DE-7AD6D517668A}.Release|Any CPU.ActiveCfg = Release|Any CPU
		{14DDE507-44F3-4733-A0DE-7AD6D517668A}.Release|Any CPU.Build.0 = Release|Any CPU
		{63EF6B62-3959-45AB-BC81-BD52AD0493E1}.Debug|Any CPU.ActiveCfg = Debug|Any CPU
		{63EF6B62-3959-45AB-BC81-BD52AD0493E1}.Debug|Any CPU.Build.0 = Debug|Any CPU
		{63EF6B62-3959-45AB-BC81-BD52AD0493E1}.Release|Any CPU.ActiveCfg = Release|Any CPU
		{63EF6B62-3959-45AB-BC81-BD52AD0493E1}.Release|Any CPU.Build.0 = Release|Any CPU
		{17B3216B-A6BB-4456-B429-1B3710645C30}.Debug|Any CPU.ActiveCfg = Debug|Any CPU
		{17B3216B-A6BB-4456-B429-1B3710645C30}.Debug|Any CPU.Build.0 = Debug|Any CPU
		{17B3216B-A6BB-4456-B429-1B3710645C30}.Release|Any CPU.ActiveCfg = Release|Any CPU
		{17B3216B-A6BB-4456-B429-1B3710645C30}.Release|Any CPU.Build.0 = Release|Any CPU
	EndGlobalSection
	GlobalSection(SolutionProperties) = preSolution
		HideSolutionNode = FALSE
	EndGlobalSection
EndGlobal
